
Microsoft Visual Studio Solution File, Format Version 12.00
# Visual Studio Version 16
VisualStudioVersion = 16.0.808.4
MinimumVisualStudioVersion = 10.0.40219.1
Project("{FAE04EC0-301F-11D3-BF4B-00C04F79EFBC}") = "mtsk", "mtsk\mtsk.csproj", "{494198A8-C539-416B-BAB7-EE20450BA57C}"
EndProject
Project("{FAE04EC0-301F-11D3-BF4B-00C04F79EFBC}") = "mtsk.Tests", "mtsk.Tests\mtsk.Tests.csproj", "{3AAA9BE0-7E06-4286-B596-5D5AF1314F27}"
EndProject
Global
	GlobalSection(SolutionConfigurationPlatforms) = preSolution
		Debug|Any CPU = Debug|Any CPU
		Release|Any CPU = Release|Any CPU
	EndGlobalSection
	GlobalSection(ProjectConfigurationPlatforms) = postSolution
		{494198A8-C539-416B-BAB7-EE20450BA57C}.Debug|Any CPU.ActiveCfg = Debug|Any CPU
		{494198A8-C539-416B-BAB7-EE20450BA57C}.Debug|Any CPU.Build.0 = Debug|Any CPU
		{494198A8-C539-416B-BAB7-EE20450BA57C}.Release|Any CPU.ActiveCfg = Release|Any CPU
		{494198A8-C539-416B-BAB7-EE20450BA57C}.Release|Any CPU.Build.0 = Release|Any CPU
		{3AAA9BE0-7E06-4286-B596-5D5AF1314F27}.Debug|Any CPU.ActiveCfg = Debug|Any CPU
		{3AAA9BE0-7E06-4286-B596-5D5AF1314F27}.Debug|Any CPU.Build.0 = Debug|Any CPU
		{3AAA9BE0-7E06-4286-B596-5D5AF1314F27}.Release|Any CPU.ActiveCfg = Release|Any CPU
		{3AAA9BE0-7E06-4286-B596-5D5AF1314F27}.Release|Any CPU.Build.0 = Release|Any CPU
	EndGlobalSection
	GlobalSection(SolutionProperties) = preSolution
		HideSolutionNode = FALSE
	EndGlobalSection
	GlobalSection(ExtensibilityGlobals) = postSolution
		SolutionGuid = {B0E9F167-00BE-488C-911A-77D33BE93080}
	EndGlobalSection
EndGlobal
